
Microsoft Visual Studio Solution File, Format Version 12.00
# Visual Studio Version 17
VisualStudioVersion = 17.3.32819.101
MinimumVisualStudioVersion = 10.0.40219.1
Project("{9A19103F-16F7-4668-BE54-9A1E7A4F7556}") = "WSC", "WSC.csproj", "{DB26D896-5A66-495B-9970-5DB25841AFA4}"
EndProject
Global
	GlobalSection(SolutionConfigurationPlatforms) = preSolution
		Debug|Any CPU = Debug|Any CPU
		Release|Any CPU = Release|Any CPU
	EndGlobalSection
	GlobalSection(ProjectConfigurationPlatforms) = postSolution
		{DB26D896-5A66-495B-9970-5DB25841AFA4}.Debug|Any CPU.ActiveCfg = Debug|Any CPU
		{DB26D896-5A66-495B-9970-5DB25841AFA4}.Debug|Any CPU.Build.0 = Debug|Any CPU
		{DB26D896-5A66-495B-9970-5DB25841AFA4}.Release|Any CPU.ActiveCfg = Release|Any CPU
		{DB26D896-5A66-495B-9970-5DB25841AFA4}.Release|Any CPU.Build.0 = Release|Any CPU
	EndGlobalSection
	GlobalSection(SolutionProperties) = preSolution
		HideSolutionNode = FALSE
	EndGlobalSection
	GlobalSection(ExtensibilityGlobals) = postSolution
		SolutionGuid = {B586C42B-ACC1-4172-8EFD-4E54F01ECC99}
	EndGlobalSection
EndGlobal
